
Microsoft Visual Studio Solution File, Format Version 12.00
# Visual Studio 15
VisualStudioVersion = 15.0.26124.0
MinimumVisualStudioVersion = 15.0.26124.0
Project("{2150E333-8FDC-42A3-9474-1A3956D46DE8}") = "src", "src", "{A8F0124A-DC8E-4985-B502-4DD798B40483}"
EndProject
Project("{2150E333-8FDC-42A3-9474-1A3956D46DE8}") = "Api", "Api", "{780118B9-4FE1-43F2-82D8-61720650830A}"
EndProject
Project("{FAE04EC0-301F-11D3-BF4B-00C04F79EFBC}") = "Core.Api", "src\Api\Core.Api\Core.Api.csproj", "{48E61B15-CFF7-4814-BF89-21E16858894C}"
EndProject
Project("{2150E333-8FDC-42A3-9474-1A3956D46DE8}") = "Domain", "Domain", "{85A78545-97EE-436B-BE7B-EEE94FF3FC9D}"
EndProject
Project("{FAE04EC0-301F-11D3-BF4B-00C04F79EFBC}") = "Core.Domain", "src\Domain\Core.Domain\Core.Domain.csproj", "{A125FBCB-3C30-4AA0-87D6-736A308B6C5D}"
EndProject
Project("{2150E333-8FDC-42A3-9474-1A3956D46DE8}") = "Commands", "Commands", "{98FE3C4C-0B35-40CB-8BAF-BB745F2953A3}"
EndProject
Project("{FAE04EC0-301F-11D3-BF4B-00C04F79EFBC}") = "Core.Commands.Abstractions", "src\Commands\Core.Commands.Abstractions\Core.Commands.Abstractions.csproj", "{C1804488-214C-4BB2-BE08-C73A73151F0A}"
EndProject
Project("{FAE04EC0-301F-11D3-BF4B-00C04F79EFBC}") = "Core.Commands", "src\Commands\Core.Commands\Core.Commands.csproj", "{D09863E7-EC39-467C-9209-8B6C918D9D2A}"
EndProject
Project("{2150E333-8FDC-42A3-9474-1A3956D46DE8}") = "Querys", "Querys", "{0DDF910E-3F7B-478D-9C64-79E129CB6912}"
EndProject
Project("{FAE04EC0-301F-11D3-BF4B-00C04F79EFBC}") = "Core.Querys.Abstractions", "src\Querys\Core.Querys.Abstractions\Core.Querys.Abstractions.csproj", "{1A01AD45-9633-4678-BBCF-89FB8A3FC523}"
EndProject
Project("{FAE04EC0-301F-11D3-BF4B-00C04F79EFBC}") = "Core.Querys", "src\Querys\Core.Querys\Core.Querys.csproj", "{B5CF15A6-5C8A-4A40-8156-280FDB7ED066}"
EndProject
Project("{2150E333-8FDC-42A3-9474-1A3956D46DE8}") = "Infra.Ioc", "Infra.Ioc", "{DCA372E4-0D18-4382-BC3C-6322A311C628}"
EndProject
Project("{FAE04EC0-301F-11D3-BF4B-00C04F79EFBC}") = "Core.Infra.Ioc", "src\Infra.Ioc\Core.Infra.Ioc\Core.Infra.Ioc.csproj", "{1B8160E1-6F08-4179-8F74-0673DFB52BBF}"
EndProject
Project("{2150E333-8FDC-42A3-9474-1A3956D46DE8}") = "Repositories", "Repositories", "{96E866AA-D6C2-4A0A-B14A-B1F8D960675A}"
EndProject
Project("{FAE04EC0-301F-11D3-BF4B-00C04F79EFBC}") = "Core.Repositories", "src\Repositories\Core.Repositories\Core.Repositories.csproj", "{014613CA-38DA-45A9-8AC9-5F21645AA8E3}"
EndProject
Project("{2150E333-8FDC-42A3-9474-1A3956D46DE8}") = "tests", "tests", "{3192495F-CE49-4694-A697-B7689829E488}"
EndProject
Project("{FAE04EC0-301F-11D3-BF4B-00C04F79EFBC}") = "Core.Unit.Tests", "tests\Core.Unit.Tests\Core.Unit.Tests.csproj", "{310DB636-984F-48C7-B323-187968D28F5C}"
EndProject
Global
	GlobalSection(SolutionConfigurationPlatforms) = preSolution
		Debug|Any CPU = Debug|Any CPU
		Debug|x64 = Debug|x64
		Debug|x86 = Debug|x86
		Release|Any CPU = Release|Any CPU
		Release|x64 = Release|x64
		Release|x86 = Release|x86
	EndGlobalSection
	GlobalSection(SolutionProperties) = preSolution
		HideSolutionNode = FALSE
	EndGlobalSection
	GlobalSection(ProjectConfigurationPlatforms) = postSolution
		{48E61B15-CFF7-4814-BF89-21E16858894C}.Debug|Any CPU.ActiveCfg = Debug|Any CPU
		{48E61B15-CFF7-4814-BF89-21E16858894C}.Debug|Any CPU.Build.0 = Debug|Any CPU
		{48E61B15-CFF7-4814-BF89-21E16858894C}.Debug|x64.ActiveCfg = Debug|Any CPU
		{48E61B15-CFF7-4814-BF89-21E16858894C}.Debug|x64.Build.0 = Debug|Any CPU
		{48E61B15-CFF7-4814-BF89-21E16858894C}.Debug|x86.ActiveCfg = Debug|Any CPU
		{48E61B15-CFF7-4814-BF89-21E16858894C}.Debug|x86.Build.0 = Debug|Any CPU
		{48E61B15-CFF7-4814-BF89-21E16858894C}.Release|Any CPU.ActiveCfg = Release|Any CPU
		{48E61B15-CFF7-4814-BF89-21E16858894C}.Release|Any CPU.Build.0 = Release|Any CPU
		{48E61B15-CFF7-4814-BF89-21E16858894C}.Release|x64.ActiveCfg = Release|Any CPU
		{48E61B15-CFF7-4814-BF89-21E16858894C}.Release|x64.Build.0 = Release|Any CPU
		{48E61B15-CFF7-4814-BF89-21E16858894C}.Release|x86.ActiveCfg = Release|Any CPU
		{48E61B15-CFF7-4814-BF89-21E16858894C}.Release|x86.Build.0 = Release|Any CPU
		{A125FBCB-3C30-4AA0-87D6-736A308B6C5D}.Debug|Any CPU.ActiveCfg = Debug|Any CPU
		{A125FBCB-3C30-4AA0-87D6-736A308B6C5D}.Debug|Any CPU.Build.0 = Debug|Any CPU
		{A125FBCB-3C30-4AA0-87D6-736A308B6C5D}.Debug|x64.ActiveCfg = Debug|Any CPU
		{A125FBCB-3C30-4AA0-87D6-736A308B6C5D}.Debug|x64.Build.0 = Debug|Any CPU
		{A125FBCB-3C30-4AA0-87D6-736A308B6C5D}.Debug|x86.ActiveCfg = Debug|Any CPU
		{A125FBCB-3C30-4AA0-87D6-736A308B6C5D}.Debug|x86.Build.0 = Debug|Any CPU
		{A125FBCB-3C30-4AA0-87D6-736A308B6C5D}.Release|Any CPU.ActiveCfg = Release|Any CPU
		{A125FBCB-3C30-4AA0-87D6-736A308B6C5D}.Release|Any CPU.Build.0 = Release|Any CPU
		{A125FBCB-3C30-4AA0-87D6-736A308B6C5D}.Release|x64.ActiveCfg = Release|Any CPU
		{A125FBCB-3C30-4AA0-87D6-736A308B6C5D}.Release|x64.Build.0 = Release|Any CPU
		{A125FBCB-3C30-4AA0-87D6-736A308B6C5D}.Release|x86.ActiveCfg = Release|Any CPU
		{A125FBCB-3C30-4AA0-87D6-736A308B6C5D}.Release|x86.Build.0 = Release|Any CPU
		{C1804488-214C-4BB2-BE08-C73A73151F0A}.Debug|Any CPU.ActiveCfg = Debug|Any CPU
		{C1804488-214C-4BB2-BE08-C73A73151F0A}.Debug|Any CPU.Build.0 = Debug|Any CPU
		{C1804488-214C-4BB2-BE08-C73A73151F0A}.Debug|x64.ActiveCfg = Debug|Any CPU
		{C1804488-214C-4BB2-BE08-C73A73151F0A}.Debug|x64.Build.0 = Debug|Any CPU
		{C1804488-214C-4BB2-BE08-C73A73151F0A}.Debug|x86.ActiveCfg = Debug|Any CPU
		{C1804488-214C-4BB2-BE08-C73A73151F0A}.Debug|x86.Build.0 = Debug|Any CPU
		{C1804488-214C-4BB2-BE08-C73A73151F0A}.Release|Any CPU.ActiveCfg = Release|Any CPU
		{C1804488-214C-4BB2-BE08-C73A73151F0A}.Release|Any CPU.Build.0 = Release|Any CPU
		{C1804488-214C-4BB2-BE08-C73A73151F0A}.Release|x64.ActiveCfg = Release|Any CPU
		{C1804488-214C-4BB2-BE08-C73A73151F0A}.Release|x64.Build.0 = Release|Any CPU
		{C1804488-214C-4BB2-BE08-C73A73151F0A}.Release|x86.ActiveCfg = Release|Any CPU
		{C1804488-214C-4BB2-BE08-C73A73151F0A}.Release|x86.Build.0 = Release|Any CPU
		{D09863E7-EC39-467C-9209-8B6C918D9D2A}.Debug|Any CPU.ActiveCfg = Debug|Any CPU
		{D09863E7-EC39-467C-9209-8B6C918D9D2A}.Debug|Any CPU.Build.0 = Debug|Any CPU
		{D09863E7-EC39-467C-9209-8B6C918D9D2A}.Debug|x64.ActiveCfg = Debug|Any CPU
		{D09863E7-EC39-467C-9209-8B6C918D9D2A}.Debug|x64.Build.0 = Debug|Any CPU
		{D09863E7-EC39-467C-9209-8B6C918D9D2A}.Debug|x86.ActiveCfg = Debug|Any CPU
		{D09863E7-EC39-467C-9209-8B6C918D9D2A}.Debug|x86.Build.0 = Debug|Any CPU
		{D09863E7-EC39-467C-9209-8B6C918D9D2A}.Release|Any CPU.ActiveCfg = Release|Any CPU
		{D09863E7-EC39-467C-9209-8B6C918D9D2A}.Release|Any CPU.Build.0 = Release|Any CPU
		{D09863E7-EC39-467C-9209-8B6C918D9D2A}.Release|x64.ActiveCfg = Release|Any CPU
		{D09863E7-EC39-467C-9209-8B6C918D9D2A}.Release|x64.Build.0 = Release|Any CPU
		{D09863E7-EC39-467C-9209-8B6C918D9D2A}.Release|x86.ActiveCfg = Release|Any CPU
		{D09863E7-EC39-467C-9209-8B6C918D9D2A}.Release|x86.Build.0 = Release|Any CPU
		{1A01AD45-9633-4678-BBCF-89FB8A3FC523}.Debug|Any CPU.ActiveCfg = Debug|Any CPU
		{1A01AD45-9633-4678-BBCF-89FB8A3FC523}.Debug|Any CPU.Build.0 = Debug|Any CPU
		{1A01AD45-9633-4678-BBCF-89FB8A3FC523}.Debug|x64.ActiveCfg = Debug|Any CPU
		{1A01AD45-9633-4678-BBCF-89FB8A3FC523}.Debug|x64.Build.0 = Debug|Any CPU
		{1A01AD45-9633-4678-BBCF-89FB8A3FC523}.Debug|x86.ActiveCfg = Debug|Any CPU
		{1A01AD45-9633-4678-BBCF-89FB8A3FC523}.Debug|x86.Build.0 = Debug|Any CPU
		{1A01AD45-9633-4678-BBCF-89FB8A3FC523}.Release|Any CPU.ActiveCfg = Release|Any CPU
		{1A01AD45-9633-4678-BBCF-89FB8A3FC523}.Release|Any CPU.Build.0 = Release|Any CPU
		{1A01AD45-9633-4678-BBCF-89FB8A3FC523}.Release|x64.ActiveCfg = Release|Any CPU
		{1A01AD45-9633-4678-BBCF-89FB8A3FC523}.Release|x64.Build.0 = Release|Any CPU
		{1A01AD45-9633-4678-BBCF-89FB8A3FC523}.Release|x86.ActiveCfg = Release|Any CPU
		{1A01AD45-9633-4678-BBCF-89FB8A3FC523}.Release|x86.Build.0 = Release|Any CPU
		{B5CF15A6-5C8A-4A40-8156-280FDB7ED066}.Debug|Any CPU.ActiveCfg = Debug|Any CPU
		{B5CF15A6-5C8A-4A40-8156-280FDB7ED066}.Debug|Any CPU.Build.0 = Debug|Any CPU
		{B5CF15A6-5C8A-4A40-8156-280FDB7ED066}.Debug|x64.ActiveCfg = Debug|Any CPU
		{B5CF15A6-5C8A-4A40-8156-280FDB7ED066}.Debug|x64.Build.0 = Debug|Any CPU
		{B5CF15A6-5C8A-4A40-8156-280FDB7ED066}.Debug|x86.ActiveCfg = Debug|Any CPU
		{B5CF15A6-5C8A-4A40-8156-280FDB7ED066}.Debug|x86.Build.0 = Debug|Any CPU
		{B5CF15A6-5C8A-4A40-8156-280FDB7ED066}.Release|Any CPU.ActiveCfg = Release|Any CPU
		{B5CF15A6-5C8A-4A40-8156-280FDB7ED066}.Release|Any CPU.Build.0 = Release|Any CPU
		{B5CF15A6-5C8A-4A40-8156-280FDB7ED066}.Release|x64.ActiveCfg = Release|Any CPU
		{B5CF15A6-5C8A-4A40-8156-280FDB7ED066}.Release|x64.Build.0 = Release|Any CPU
		{B5CF15A6-5C8A-4A40-8156-280FDB7ED066}.Release|x86.ActiveCfg = Release|Any CPU
		{B5CF15A6-5C8A-4A40-8156-280FDB7ED066}.Release|x86.Build.0 = Release|Any CPU
		{1B8160E1-6F08-4179-8F74-0673DFB52BBF}.Debug|Any CPU.ActiveCfg = Debug|Any CPU
		{1B8160E1-6F08-4179-8F74-0673DFB52BBF}.Debug|Any CPU.Build.0 = Debug|Any CPU
		{1B8160E1-6F08-4179-8F74-0673DFB52BBF}.Debug|x64.ActiveCfg = Debug|Any CPU
		{1B8160E1-6F08-4179-8F74-0673DFB52BBF}.Debug|x64.Build.0 = Debug|Any CPU
		{1B8160E1-6F08-4179-8F74-0673DFB52BBF}.Debug|x86.ActiveCfg = Debug|Any CPU
		{1B8160E1-6F08-4179-8F74-0673DFB52BBF}.Debug|x86.Build.0 = Debug|Any CPU
		{1B8160E1-6F08-4179-8F74-0673DFB52BBF}.Release|Any CPU.ActiveCfg = Release|Any CPU
		{1B8160E1-6F08-4179-8F74-0673DFB52BBF}.Release|Any CPU.Build.0 = Release|Any CPU
		{1B8160E1-6F08-4179-8F74-0673DFB52BBF}.Release|x64.ActiveCfg = Release|Any CPU
		{1B8160E1-6F08-4179-8F74-0673DFB52BBF}.Release|x64.Build.0 = Release|Any CPU
		{1B8160E1-6F08-4179-8F74-0673DFB52BBF}.Release|x86.ActiveCfg = Release|Any CPU
		{1B8160E1-6F08-4179-8F74-0673DFB52BBF}.Release|x86.Build.0 = Release|Any CPU
		{014613CA-38DA-45A9-8AC9-5F21645AA8E3}.Debug|Any CPU.ActiveCfg = Debug|Any CPU
		{014613CA-38DA-45A9-8AC9-5F21645AA8E3}.Debug|Any CPU.Build.0 = Debug|Any CPU
		{014613CA-38DA-45A9-8AC9-5F21645AA8E3}.Debug|x64.ActiveCfg = Debug|Any CPU
		{014613CA-38DA-45A9-8AC9-5F21645AA8E3}.Debug|x64.Build.0 = Debug|Any CPU
		{014613CA-38DA-45A9-8AC9-5F21645AA8E3}.Debug|x86.ActiveCfg = Debug|Any CPU
		{014613CA-38DA-45A9-8AC9-5F21645AA8E3}.Debug|x86.Build.0 = Debug|Any CPU
		{014613CA-38DA-45A9-8AC9-5F21645AA8E3}.Release|Any CPU.ActiveCfg = Release|Any CPU
		{014613CA-38DA-45A9-8AC9-5F21645AA8E3}.Release|Any CPU.Build.0 = Release|Any CPU
		{014613CA-38DA-45A9-8AC9-5F21645AA8E3}.Release|x64.ActiveCfg = Release|Any CPU
		{014613CA-38DA-45A9-8AC9-5F21645AA8E3}.Release|x64.Build.0 = Release|Any CPU
		{014613CA-38DA-45A9-8AC9-5F21645AA8E3}.Release|x86.ActiveCfg = Release|Any CPU
		{014613CA-38DA-45A9-8AC9-5F21645AA8E3}.Release|x86.Build.0 = Release|Any CPU
		{310DB636-984F-48C7-B323-187968D28F5C}.Debug|Any CPU.ActiveCfg = Debug|Any CPU
		{310DB636-984F-48C7-B323-187968D28F5C}.Debug|Any CPU.Build.0 = Debug|Any CPU
		{310DB636-984F-48C7-B323-187968D28F5C}.Debug|x64.ActiveCfg = Debug|Any CPU
		{310DB636-984F-48C7-B323-187968D28F5C}.Debug|x64.Build.0 = Debug|Any CPU
		{310DB636-984F-48C7-B323-187968D28F5C}.Debug|x86.ActiveCfg = Debug|Any CPU
		{310DB636-984F-48C7-B323-187968D28F5C}.Debug|x86.Build.0 = Debug|Any CPU
		{310DB636-984F-48C7-B323-187968D28F5C}.Release|Any CPU.ActiveCfg = Release|Any CPU
		{310DB636-984F-48C7-B323-187968D28F5C}.Release|Any CPU.Build.0 = Release|Any CPU
		{310DB636-984F-48C7-B323-187968D28F5C}.Release|x64.ActiveCfg = Release|Any CPU
		{310DB636-984F-48C7-B323-187968D28F5C}.Release|x64.Build.0 = Release|Any CPU
		{310DB636-984F-48C7-B323-187968D28F5C}.Release|x86.ActiveCfg = Release|Any CPU
		{310DB636-984F-48C7-B323-187968D28F5C}.Release|x86.Build.0 = Release|Any CPU
	EndGlobalSection
	GlobalSection(NestedProjects) = preSolution
		{780118B9-4FE1-43F2-82D8-61720650830A} = {A8F0124A-DC8E-4985-B502-4DD798B40483}
		{48E61B15-CFF7-4814-BF89-21E16858894C} = {780118B9-4FE1-43F2-82D8-61720650830A}
		{85A78545-97EE-436B-BE7B-EEE94FF3FC9D} = {A8F0124A-DC8E-4985-B502-4DD798B40483}
		{A125FBCB-3C30-4AA0-87D6-736A308B6C5D} = {85A78545-97EE-436B-BE7B-EEE94FF3FC9D}
		{98FE3C4C-0B35-40CB-8BAF-BB745F2953A3} = {A8F0124A-DC8E-4985-B502-4DD798B40483}
		{C1804488-214C-4BB2-BE08-C73A73151F0A} = {98FE3C4C-0B35-40CB-8BAF-BB745F2953A3}
		{D09863E7-EC39-467C-9209-8B6C918D9D2A} = {98FE3C4C-0B35-40CB-8BAF-BB745F2953A3}
		{0DDF910E-3F7B-478D-9C64-79E129CB6912} = {A8F0124A-DC8E-4985-B502-4DD798B40483}
		{1A01AD45-9633-4678-BBCF-89FB8A3FC523} = {0DDF910E-3F7B-478D-9C64-79E129CB6912}
		{B5CF15A6-5C8A-4A40-8156-280FDB7ED066} = {0DDF910E-3F7B-478D-9C64-79E129CB6912}
		{DCA372E4-0D18-4382-BC3C-6322A311C628} = {A8F0124A-DC8E-4985-B502-4DD798B40483}
		{1B8160E1-6F08-4179-8F74-0673DFB52BBF} = {DCA372E4-0D18-4382-BC3C-6322A311C628}
		{96E866AA-D6C2-4A0A-B14A-B1F8D960675A} = {A8F0124A-DC8E-4985-B502-4DD798B40483}
		{014613CA-38DA-45A9-8AC9-5F21645AA8E3} = {96E866AA-D6C2-4A0A-B14A-B1F8D960675A}
		{310DB636-984F-48C7-B323-187968D28F5C} = {3192495F-CE49-4694-A697-B7689829E488}
	EndGlobalSection
EndGlobal
